// !$*UTF8*$!
{
	archiveVersion = 1;
	classes = {
	};
	objectVersion = 52;
	objects = {

/* Begin PBXBuildFile section */
		18194D8EC471B9DE32D50C58 /* Pods_AttestationCovid.framework in Frameworks */ = {isa = PBXBuildFile; fileRef = 6D1589217571F0C4F2E801F4 /* Pods_AttestationCovid.framework */; };
		2EF31E078AA5F9BE82B87294 /* Pods_AttestationCovid_AttestationCovidUITests.framework in Frameworks */ = {isa = PBXBuildFile; fileRef = 7F6CC7D215BCF0043C1E96AB /* Pods_AttestationCovid_AttestationCovidUITests.framework */; };
		6D01D5311FB093CCE6D0DE98 /* Pods_AttestationCovidTests.framework in Frameworks */ = {isa = PBXBuildFile; fileRef = 6FDD14C29CD36E769D44B018 /* Pods_AttestationCovidTests.framework */; };
		99121728255DCC2F00F3EA7C /* AttestationCovidApp.swift in Sources */ = {isa = PBXBuildFile; fileRef = 99121727255DCC2F00F3EA7C /* AttestationCovidApp.swift */; };
		9912172C255DCC3200F3EA7C /* Assets.xcassets in Resources */ = {isa = PBXBuildFile; fileRef = 9912172B255DCC3200F3EA7C /* Assets.xcassets */; };
		9912172F255DCC3200F3EA7C /* Preview Assets.xcassets in Resources */ = {isa = PBXBuildFile; fileRef = 9912172E255DCC3200F3EA7C /* Preview Assets.xcassets */; };
		99121734255DCC3200F3EA7C /* AttestationCovid.xcdatamodeld in Sources */ = {isa = PBXBuildFile; fileRef = 99121732255DCC3200F3EA7C /* AttestationCovid.xcdatamodeld */; };
		9912173F255DCC3300F3EA7C /* AttestationCovidTests.swift in Sources */ = {isa = PBXBuildFile; fileRef = 9912173E255DCC3300F3EA7C /* AttestationCovidTests.swift */; };
		9912174A255DCC3300F3EA7C /* AttestationCovidUITests.swift in Sources */ = {isa = PBXBuildFile; fileRef = 99121749255DCC3300F3EA7C /* AttestationCovidUITests.swift */; };
		9912175C255DCDE700F3EA7C /* ProfilDetailView.swift in Sources */ = {isa = PBXBuildFile; fileRef = 9912175B255DCDE700F3EA7C /* ProfilDetailView.swift */; };
		9916A563255F207B003FFCD2 /* ProfilLocalData.swift in Sources */ = {isa = PBXBuildFile; fileRef = 9916A562255F207B003FFCD2 /* ProfilLocalData.swift */; };
		9916A570255F2E29003FFCD2 /* MovingMotifFormView.swift in Sources */ = {isa = PBXBuildFile; fileRef = 9916A56F255F2E29003FFCD2 /* MovingMotifFormView.swift */; };
		9916A579255F2EB9003FFCD2 /* ChoiceButton.swift in Sources */ = {isa = PBXBuildFile; fileRef = 9916A578255F2EB9003FFCD2 /* ChoiceButton.swift */; };
		9916A581255F3982003FFCD2 /* MainView.swift in Sources */ = {isa = PBXBuildFile; fileRef = 9916A580255F3982003FFCD2 /* MainView.swift */; };
		9918512125A9CA3700BC7FD3 /* README.md in Resources */ = {isa = PBXBuildFile; fileRef = 9918512025A9CA3700BC7FD3 /* README.md */; };
		9918512825A9CF0100BC7FD3 /* example.png in Resources */ = {isa = PBXBuildFile; fileRef = 9918512725A9CF0100BC7FD3 /* example.png */; };
		9918512D25A9CF9100BC7FD3 /* app-advancement-home.png in Resources */ = {isa = PBXBuildFile; fileRef = 9918512C25A9CF9100BC7FD3 /* app-advancement-home.png */; };
		9918513425A9CF9900BC7FD3 /* app-advancement-profil.png in Resources */ = {isa = PBXBuildFile; fileRef = 9918513125A9CF9900BC7FD3 /* app-advancement-profil.png */; };
		9918513525A9CF9900BC7FD3 /* app-advancement-list-certificates.png in Resources */ = {isa = PBXBuildFile; fileRef = 9918513225A9CF9900BC7FD3 /* app-advancement-list-certificates.png */; };
		9918513625A9CF9900BC7FD3 /* app-advancement-list-profils.png in Resources */ = {isa = PBXBuildFile; fileRef = 9918513325A9CF9900BC7FD3 /* app-advancement-list-profils.png */; };
		9918513B25A9D6BC00BC7FD3 /* FileManagerPDFTest.swift in Sources */ = {isa = PBXBuildFile; fileRef = 9918513A25A9D6BC00BC7FD3 /* FileManagerPDFTest.swift */; };
		9918514325A9D77600BC7FD3 /* FileManagerPDF.swift in Sources */ = {isa = PBXBuildFile; fileRef = 9918514225A9D77600BC7FD3 /* FileManagerPDF.swift */; };
		992F521F25AB906800716AA3 /* UIActivityViewControllerView.swift in Sources */ = {isa = PBXBuildFile; fileRef = 992F521E25AB906800716AA3 /* UIActivityViewControllerView.swift */; };
		9933952A25A3BD8C003E4F52 /* ListPDFView.swift in Sources */ = {isa = PBXBuildFile; fileRef = 9933952925A3BD8C003E4F52 /* ListPDFView.swift */; };
		9933952F25A3D4FC003E4F52 /* FormData.json in Resources */ = {isa = PBXBuildFile; fileRef = 9933952E25A3D4FC003E4F52 /* FormData.json */; };
		9933953425A3D560003E4F52 /* Raison.swift in Sources */ = {isa = PBXBuildFile; fileRef = 9933953325A3D560003E4F52 /* Raison.swift */; };
		99432E6925B467DF008B046A /* ChoiceButtonRaison.swift in Sources */ = {isa = PBXBuildFile; fileRef = 99432E6825B467DF008B046A /* ChoiceButtonRaison.swift */; };
		99432E6E25B46D75008B046A /* ChoiceButtonProfil.swift in Sources */ = {isa = PBXBuildFile; fileRef = 99432E6D25B46D75008B046A /* ChoiceButtonProfil.swift */; };
		995761D7259A9EBF00A25B5D /* ComposableArchitecture in Frameworks */ = {isa = PBXBuildFile; productRef = 995761D6259A9EBF00A25B5D /* ComposableArchitecture */; };
		996327932596AD68003E34D4 /* PdfView.swift in Sources */ = {isa = PBXBuildFile; fileRef = 996327922596AD68003E34D4 /* PdfView.swift */; };
		9964E8B3255EFDC000082D5D /* Profil.swift in Sources */ = {isa = PBXBuildFile; fileRef = 9964E8B2255EFDC000082D5D /* Profil.swift */; };
		9964E8BB255F000300082D5D /* ListProfilsView.swift in Sources */ = {isa = PBXBuildFile; fileRef = 9964E8BA255F000300082D5D /* ListProfilsView.swift */; };
		9986BEBE2596717600F1F98A /* pdfUtils.swift in Sources */ = {isa = PBXBuildFile; fileRef = 9986BEBD2596717500F1F98A /* pdfUtils.swift */; };
		9986BEC62596730100F1F98A /* ProfilePDF.swift in Sources */ = {isa = PBXBuildFile; fileRef = 9986BEC52596730100F1F98A /* ProfilePDF.swift */; };
		9986BECB2596738A00F1F98A /* RaisonPDF.swift in Sources */ = {isa = PBXBuildFile; fileRef = 9986BECA2596738A00F1F98A /* RaisonPDF.swift */; };
		99B4C6E325A269C200C6E135 /* qrcodeUtils.swift in Sources */ = {isa = PBXBuildFile; fileRef = 99B4C6E225A269C200C6E135 /* qrcodeUtils.swift */; };
		99B4C6E825A27FA700C6E135 /* PDFImageAnnotationn.swift in Sources */ = {isa = PBXBuildFile; fileRef = 99B4C6E725A27FA700C6E135 /* PDFImageAnnotationn.swift */; };
		99B4C6ED25A2973D00C6E135 /* DateFormatUtils.swift in Sources */ = {isa = PBXBuildFile; fileRef = 99B4C6EC25A2973D00C6E135 /* DateFormatUtils.swift */; };
		99D704752596C23B0004024F /* attestation.pdf in Resources */ = {isa = PBXBuildFile; fileRef = 99D704742596C23B0004024F /* attestation.pdf */; };
/* End PBXBuildFile section */

/* Begin PBXContainerItemProxy section */
		9912173B255DCC3300F3EA7C /* PBXContainerItemProxy */ = {
			isa = PBXContainerItemProxy;
			containerPortal = 9912171C255DCC2F00F3EA7C /* Project object */;
			proxyType = 1;
			remoteGlobalIDString = 99121723255DCC2F00F3EA7C;
			remoteInfo = AttestationCovid;
		};
		99121746255DCC3300F3EA7C /* PBXContainerItemProxy */ = {
			isa = PBXContainerItemProxy;
			containerPortal = 9912171C255DCC2F00F3EA7C /* Project object */;
			proxyType = 1;
			remoteGlobalIDString = 99121723255DCC2F00F3EA7C;
			remoteInfo = AttestationCovid;
		};
/* End PBXContainerItemProxy section */

/* Begin PBXCopyFilesBuildPhase section */
		99B4C6D325A242A200C6E135 /* Embed App Extensions */ = {
			isa = PBXCopyFilesBuildPhase;
			buildActionMask = 2147483647;
			dstPath = "";
			dstSubfolderSpec = 13;
			files = (
			);
			name = "Embed App Extensions";
			runOnlyForDeploymentPostprocessing = 0;
		};
/* End PBXCopyFilesBuildPhase section */

/* Begin PBXFileReference section */
		12A31ECE05C56EE3F5E67BAB /* Pods-AttestationCovid-AttestationCovidUITests.debug.xcconfig */ = {isa = PBXFileReference; includeInIndex = 1; lastKnownFileType = text.xcconfig; name = "Pods-AttestationCovid-AttestationCovidUITests.debug.xcconfig"; path = "Target Support Files/Pods-AttestationCovid-AttestationCovidUITests/Pods-AttestationCovid-AttestationCovidUITests.debug.xcconfig"; sourceTree = "<group>"; };
		67F692A740B66264E18741F1 /* Pods-AttestationCovid-AttestationCovidUITests.release.xcconfig */ = {isa = PBXFileReference; includeInIndex = 1; lastKnownFileType = text.xcconfig; name = "Pods-AttestationCovid-AttestationCovidUITests.release.xcconfig"; path = "Target Support Files/Pods-AttestationCovid-AttestationCovidUITests/Pods-AttestationCovid-AttestationCovidUITests.release.xcconfig"; sourceTree = "<group>"; };
		6980F75E38C49E124CBEF322 /* Pods-AttestationCovid.release.xcconfig */ = {isa = PBXFileReference; includeInIndex = 1; lastKnownFileType = text.xcconfig; name = "Pods-AttestationCovid.release.xcconfig"; path = "Target Support Files/Pods-AttestationCovid/Pods-AttestationCovid.release.xcconfig"; sourceTree = "<group>"; };
		6D1589217571F0C4F2E801F4 /* Pods_AttestationCovid.framework */ = {isa = PBXFileReference; explicitFileType = wrapper.framework; includeInIndex = 0; path = Pods_AttestationCovid.framework; sourceTree = BUILT_PRODUCTS_DIR; };
		6FDD14C29CD36E769D44B018 /* Pods_AttestationCovidTests.framework */ = {isa = PBXFileReference; explicitFileType = wrapper.framework; includeInIndex = 0; path = Pods_AttestationCovidTests.framework; sourceTree = BUILT_PRODUCTS_DIR; };
		7F6CC7D215BCF0043C1E96AB /* Pods_AttestationCovid_AttestationCovidUITests.framework */ = {isa = PBXFileReference; explicitFileType = wrapper.framework; includeInIndex = 0; path = Pods_AttestationCovid_AttestationCovidUITests.framework; sourceTree = BUILT_PRODUCTS_DIR; };
		99121724255DCC2F00F3EA7C /* AttestationCovid.app */ = {isa = PBXFileReference; explicitFileType = wrapper.application; includeInIndex = 0; path = AttestationCovid.app; sourceTree = BUILT_PRODUCTS_DIR; };
		99121727255DCC2F00F3EA7C /* AttestationCovidApp.swift */ = {isa = PBXFileReference; lastKnownFileType = sourcecode.swift; path = AttestationCovidApp.swift; sourceTree = "<group>"; };
		9912172B255DCC3200F3EA7C /* Assets.xcassets */ = {isa = PBXFileReference; lastKnownFileType = folder.assetcatalog; path = Assets.xcassets; sourceTree = "<group>"; };
		9912172E255DCC3200F3EA7C /* Preview Assets.xcassets */ = {isa = PBXFileReference; lastKnownFileType = folder.assetcatalog; path = "Preview Assets.xcassets"; sourceTree = "<group>"; };
		99121733255DCC3200F3EA7C /* AttestationCovid.xcdatamodel */ = {isa = PBXFileReference; lastKnownFileType = wrapper.xcdatamodel; path = AttestationCovid.xcdatamodel; sourceTree = "<group>"; };
		99121735255DCC3200F3EA7C /* Info.plist */ = {isa = PBXFileReference; lastKnownFileType = text.plist.xml; path = Info.plist; sourceTree = "<group>"; };
		9912173A255DCC3300F3EA7C /* AttestationCovidTests.xctest */ = {isa = PBXFileReference; explicitFileType = wrapper.cfbundle; includeInIndex = 0; path = AttestationCovidTests.xctest; sourceTree = BUILT_PRODUCTS_DIR; };
		9912173E255DCC3300F3EA7C /* AttestationCovidTests.swift */ = {isa = PBXFileReference; lastKnownFileType = sourcecode.swift; path = AttestationCovidTests.swift; sourceTree = "<group>"; };
		99121740255DCC3300F3EA7C /* Info.plist */ = {isa = PBXFileReference; lastKnownFileType = text.plist.xml; path = Info.plist; sourceTree = "<group>"; };
		99121745255DCC3300F3EA7C /* AttestationCovidUITests.xctest */ = {isa = PBXFileReference; explicitFileType = wrapper.cfbundle; includeInIndex = 0; path = AttestationCovidUITests.xctest; sourceTree = BUILT_PRODUCTS_DIR; };
		99121749255DCC3300F3EA7C /* AttestationCovidUITests.swift */ = {isa = PBXFileReference; lastKnownFileType = sourcecode.swift; path = AttestationCovidUITests.swift; sourceTree = "<group>"; };
		9912174B255DCC3300F3EA7C /* Info.plist */ = {isa = PBXFileReference; lastKnownFileType = text.plist.xml; path = Info.plist; sourceTree = "<group>"; };
		9912175B255DCDE700F3EA7C /* ProfilDetailView.swift */ = {isa = PBXFileReference; lastKnownFileType = sourcecode.swift; path = ProfilDetailView.swift; sourceTree = "<group>"; };
		9916A562255F207B003FFCD2 /* ProfilLocalData.swift */ = {isa = PBXFileReference; lastKnownFileType = sourcecode.swift; path = ProfilLocalData.swift; sourceTree = "<group>"; };
		9916A56F255F2E29003FFCD2 /* MovingMotifFormView.swift */ = {isa = PBXFileReference; lastKnownFileType = sourcecode.swift; path = MovingMotifFormView.swift; sourceTree = "<group>"; };
		9916A578255F2EB9003FFCD2 /* ChoiceButton.swift */ = {isa = PBXFileReference; lastKnownFileType = sourcecode.swift; path = ChoiceButton.swift; sourceTree = "<group>"; };
		9916A580255F3982003FFCD2 /* MainView.swift */ = {isa = PBXFileReference; lastKnownFileType = sourcecode.swift; path = MainView.swift; sourceTree = "<group>"; };
		9918512025A9CA3700BC7FD3 /* README.md */ = {isa = PBXFileReference; lastKnownFileType = net.daringfireball.markdown; path = README.md; sourceTree = "<group>"; };
		9918512725A9CF0100BC7FD3 /* example.png */ = {isa = PBXFileReference; lastKnownFileType = image.png; path = example.png; sourceTree = "<group>"; };
		9918512C25A9CF9100BC7FD3 /* app-advancement-home.png */ = {isa = PBXFileReference; lastKnownFileType = image.png; path = "app-advancement-home.png"; sourceTree = "<group>"; };
		9918513125A9CF9900BC7FD3 /* app-advancement-profil.png */ = {isa = PBXFileReference; lastKnownFileType = image.png; path = "app-advancement-profil.png"; sourceTree = "<group>"; };
		9918513225A9CF9900BC7FD3 /* app-advancement-list-certificates.png */ = {isa = PBXFileReference; lastKnownFileType = image.png; path = "app-advancement-list-certificates.png"; sourceTree = "<group>"; };
		9918513325A9CF9900BC7FD3 /* app-advancement-list-profils.png */ = {isa = PBXFileReference; lastKnownFileType = image.png; path = "app-advancement-list-profils.png"; sourceTree = "<group>"; };
		9918513A25A9D6BC00BC7FD3 /* FileManagerPDFTest.swift */ = {isa = PBXFileReference; lastKnownFileType = sourcecode.swift; path = FileManagerPDFTest.swift; sourceTree = "<group>"; };
		9918514225A9D77600BC7FD3 /* FileManagerPDF.swift */ = {isa = PBXFileReference; lastKnownFileType = sourcecode.swift; path = FileManagerPDF.swift; sourceTree = "<group>"; };
		992F521E25AB906800716AA3 /* UIActivityViewControllerView.swift */ = {isa = PBXFileReference; lastKnownFileType = sourcecode.swift; path = UIActivityViewControllerView.swift; sourceTree = "<group>"; };
		9933952925A3BD8C003E4F52 /* ListPDFView.swift */ = {isa = PBXFileReference; lastKnownFileType = sourcecode.swift; path = ListPDFView.swift; sourceTree = "<group>"; };
		9933952E25A3D4FC003E4F52 /* FormData.json */ = {isa = PBXFileReference; lastKnownFileType = text.json; path = FormData.json; sourceTree = "<group>"; };
		9933953325A3D560003E4F52 /* Raison.swift */ = {isa = PBXFileReference; lastKnownFileType = sourcecode.swift; path = Raison.swift; sourceTree = "<group>"; };
		99432E6825B467DF008B046A /* ChoiceButtonRaison.swift */ = {isa = PBXFileReference; lastKnownFileType = sourcecode.swift; path = ChoiceButtonRaison.swift; sourceTree = "<group>"; };
		99432E6D25B46D75008B046A /* ChoiceButtonProfil.swift */ = {isa = PBXFileReference; lastKnownFileType = sourcecode.swift; path = ChoiceButtonProfil.swift; sourceTree = "<group>"; };
		996327922596AD68003E34D4 /* PdfView.swift */ = {isa = PBXFileReference; lastKnownFileType = sourcecode.swift; path = PdfView.swift; sourceTree = "<group>"; };
		9964E8B2255EFDC000082D5D /* Profil.swift */ = {isa = PBXFileReference; lastKnownFileType = sourcecode.swift; path = Profil.swift; sourceTree = "<group>"; };
		9964E8BA255F000300082D5D /* ListProfilsView.swift */ = {isa = PBXFileReference; lastKnownFileType = sourcecode.swift; path = ListProfilsView.swift; sourceTree = "<group>"; };
		9986BEBD2596717500F1F98A /* pdfUtils.swift */ = {isa = PBXFileReference; lastKnownFileType = sourcecode.swift; path = pdfUtils.swift; sourceTree = "<group>"; };
		9986BEC52596730100F1F98A /* ProfilePDF.swift */ = {isa = PBXFileReference; lastKnownFileType = sourcecode.swift; path = ProfilePDF.swift; sourceTree = "<group>"; };
		9986BECA2596738A00F1F98A /* RaisonPDF.swift */ = {isa = PBXFileReference; lastKnownFileType = sourcecode.swift; path = RaisonPDF.swift; sourceTree = "<group>"; };
		99B4C6E225A269C200C6E135 /* qrcodeUtils.swift */ = {isa = PBXFileReference; lastKnownFileType = sourcecode.swift; path = qrcodeUtils.swift; sourceTree = "<group>"; };
		99B4C6E725A27FA700C6E135 /* PDFImageAnnotationn.swift */ = {isa = PBXFileReference; lastKnownFileType = sourcecode.swift; path = PDFImageAnnotationn.swift; sourceTree = "<group>"; };
		99B4C6EC25A2973D00C6E135 /* DateFormatUtils.swift */ = {isa = PBXFileReference; lastKnownFileType = sourcecode.swift; path = DateFormatUtils.swift; sourceTree = "<group>"; };
		99D704742596C23B0004024F /* attestation.pdf */ = {isa = PBXFileReference; lastKnownFileType = image.pdf; path = attestation.pdf; sourceTree = "<group>"; };
		99D7047F2596C88C0004024F /* AttestationCovid.entitlements */ = {isa = PBXFileReference; lastKnownFileType = text.plist.entitlements; path = AttestationCovid.entitlements; sourceTree = "<group>"; };
		A699F9C1E884DC2729CC21A5 /* Pods-AttestationCovid.debug.xcconfig */ = {isa = PBXFileReference; includeInIndex = 1; lastKnownFileType = text.xcconfig; name = "Pods-AttestationCovid.debug.xcconfig"; path = "Target Support Files/Pods-AttestationCovid/Pods-AttestationCovid.debug.xcconfig"; sourceTree = "<group>"; };
		B219128D2C1C3D180882633E /* Pods-AttestationCovidTests.debug.xcconfig */ = {isa = PBXFileReference; includeInIndex = 1; lastKnownFileType = text.xcconfig; name = "Pods-AttestationCovidTests.debug.xcconfig"; path = "Target Support Files/Pods-AttestationCovidTests/Pods-AttestationCovidTests.debug.xcconfig"; sourceTree = "<group>"; };
		B519BE0A2420F0000643EA0E /* Pods-AttestationCovidTests.release.xcconfig */ = {isa = PBXFileReference; includeInIndex = 1; lastKnownFileType = text.xcconfig; name = "Pods-AttestationCovidTests.release.xcconfig"; path = "Target Support Files/Pods-AttestationCovidTests/Pods-AttestationCovidTests.release.xcconfig"; sourceTree = "<group>"; };
/* End PBXFileReference section */

/* Begin PBXFrameworksBuildPhase section */
		99121721255DCC2F00F3EA7C /* Frameworks */ = {
			isa = PBXFrameworksBuildPhase;
			buildActionMask = 2147483647;
			files = (
				995761D7259A9EBF00A25B5D /* ComposableArchitecture in Frameworks */,
				18194D8EC471B9DE32D50C58 /* Pods_AttestationCovid.framework in Frameworks */,
			);
			runOnlyForDeploymentPostprocessing = 0;
		};
		99121737255DCC3300F3EA7C /* Frameworks */ = {
			isa = PBXFrameworksBuildPhase;
			buildActionMask = 2147483647;
			files = (
				6D01D5311FB093CCE6D0DE98 /* Pods_AttestationCovidTests.framework in Frameworks */,
			);
			runOnlyForDeploymentPostprocessing = 0;
		};
		99121742255DCC3300F3EA7C /* Frameworks */ = {
			isa = PBXFrameworksBuildPhase;
			buildActionMask = 2147483647;
			files = (
				2EF31E078AA5F9BE82B87294 /* Pods_AttestationCovid_AttestationCovidUITests.framework in Frameworks */,
			);
			runOnlyForDeploymentPostprocessing = 0;
		};
/* End PBXFrameworksBuildPhase section */

/* Begin PBXGroup section */
		67882ABF0754F68574AF9516 /* Pods */ = {
			isa = PBXGroup;
			children = (
				A699F9C1E884DC2729CC21A5 /* Pods-AttestationCovid.debug.xcconfig */,
				6980F75E38C49E124CBEF322 /* Pods-AttestationCovid.release.xcconfig */,
				12A31ECE05C56EE3F5E67BAB /* Pods-AttestationCovid-AttestationCovidUITests.debug.xcconfig */,
				67F692A740B66264E18741F1 /* Pods-AttestationCovid-AttestationCovidUITests.release.xcconfig */,
				B219128D2C1C3D180882633E /* Pods-AttestationCovidTests.debug.xcconfig */,
				B519BE0A2420F0000643EA0E /* Pods-AttestationCovidTests.release.xcconfig */,
			);
			path = Pods;
			sourceTree = "<group>";
		};
		7AC7025F95AD1CD7AEE0DA20 /* Frameworks */ = {
			isa = PBXGroup;
			children = (
				6D1589217571F0C4F2E801F4 /* Pods_AttestationCovid.framework */,
				7F6CC7D215BCF0043C1E96AB /* Pods_AttestationCovid_AttestationCovidUITests.framework */,
				6FDD14C29CD36E769D44B018 /* Pods_AttestationCovidTests.framework */,
			);
			name = Frameworks;
			sourceTree = "<group>";
		};
		9912171B255DCC2F00F3EA7C = {
			isa = PBXGroup;
			children = (
				9918512525A9CECD00BC7FD3 /* readmeAssets */,
				9918512025A9CA3700BC7FD3 /* README.md */,
				99121726255DCC2F00F3EA7C /* AttestationCovid */,
				9912173D255DCC3300F3EA7C /* AttestationCovidTests */,
				99121748255DCC3300F3EA7C /* AttestationCovidUITests */,
				99121725255DCC2F00F3EA7C /* Products */,
				67882ABF0754F68574AF9516 /* Pods */,
				7AC7025F95AD1CD7AEE0DA20 /* Frameworks */,
			);
			sourceTree = "<group>";
		};
		99121725255DCC2F00F3EA7C /* Products */ = {
			isa = PBXGroup;
			children = (
				99121724255DCC2F00F3EA7C /* AttestationCovid.app */,
				9912173A255DCC3300F3EA7C /* AttestationCovidTests.xctest */,
				99121745255DCC3300F3EA7C /* AttestationCovidUITests.xctest */,
			);
			name = Products;
			sourceTree = "<group>";
		};
		99121726255DCC2F00F3EA7C /* AttestationCovid */ = {
			isa = PBXGroup;
			children = (
				99D7047F2596C88C0004024F /* AttestationCovid.entitlements */,
				995761DB259A9FAF00A25B5D /* App */,
				99D704732596C2250004024F /* Ressources */,
				9912172B255DCC3200F3EA7C /* Assets.xcassets */,
				99121735255DCC3200F3EA7C /* Info.plist */,
				99121732255DCC3200F3EA7C /* AttestationCovid.xcdatamodeld */,
				9912172D255DCC3200F3EA7C /* Preview Content */,
			);
			path = AttestationCovid;
			sourceTree = "<group>";
		};
		9912172D255DCC3200F3EA7C /* Preview Content */ = {
			isa = PBXGroup;
			children = (
				9912172E255DCC3200F3EA7C /* Preview Assets.xcassets */,
			);
			path = "Preview Content";
			sourceTree = "<group>";
		};
		9912173D255DCC3300F3EA7C /* AttestationCovidTests */ = {
			isa = PBXGroup;
			children = (
				9912173E255DCC3300F3EA7C /* AttestationCovidTests.swift */,
				99121740255DCC3300F3EA7C /* Info.plist */,
				9918513A25A9D6BC00BC7FD3 /* FileManagerPDFTest.swift */,
			);
			path = AttestationCovidTests;
			sourceTree = "<group>";
		};
		99121748255DCC3300F3EA7C /* AttestationCovidUITests */ = {
			isa = PBXGroup;
			children = (
				99121749255DCC3300F3EA7C /* AttestationCovidUITests.swift */,
				9912174B255DCC3300F3EA7C /* Info.plist */,
			);
			path = AttestationCovidUITests;
			sourceTree = "<group>";
		};
		9912175A255DCDA800F3EA7C /* Views */ = {
			isa = PBXGroup;
			children = (
				9916A577255F2E46003FFCD2 /* Elements */,
				9912175B255DCDE700F3EA7C /* ProfilDetailView.swift */,
				9964E8BA255F000300082D5D /* ListProfilsView.swift */,
				9916A56F255F2E29003FFCD2 /* MovingMotifFormView.swift */,
				9916A580255F3982003FFCD2 /* MainView.swift */,
				996327922596AD68003E34D4 /* PdfView.swift */,
				9933952925A3BD8C003E4F52 /* ListPDFView.swift */,
			);
			path = Views;
			sourceTree = "<group>";
		};
		9916A577255F2E46003FFCD2 /* Elements */ = {
			isa = PBXGroup;
			children = (
				9916A578255F2EB9003FFCD2 /* ChoiceButton.swift */,
				99432E6825B467DF008B046A /* ChoiceButtonRaison.swift */,
				99432E6D25B46D75008B046A /* ChoiceButtonProfil.swift */,
			);
			path = Elements;
			sourceTree = "<group>";
		};
		9918512525A9CECD00BC7FD3 /* readmeAssets */ = {
			isa = PBXGroup;
			children = (
				9918512625A9CEE700BC7FD3 /* images */,
			);
			path = readmeAssets;
			sourceTree = "<group>";
		};
		9918512625A9CEE700BC7FD3 /* images */ = {
			isa = PBXGroup;
			children = (
				9918512C25A9CF9100BC7FD3 /* app-advancement-home.png */,
				9918512725A9CF0100BC7FD3 /* example.png */,
				9918513325A9CF9900BC7FD3 /* app-advancement-list-profils.png */,
				9918513125A9CF9900BC7FD3 /* app-advancement-profil.png */,
				9918513225A9CF9900BC7FD3 /* app-advancement-list-certificates.png */,
			);
			path = images;
			sourceTree = "<group>";
		};
		9941194725A7D18100498548 /* Data */ = {
			isa = PBXGroup;
			children = (
				9916A562255F207B003FFCD2 /* ProfilLocalData.swift */,
				9918514225A9D77600BC7FD3 /* FileManagerPDF.swift */,
				992F521E25AB906800716AA3 /* UIActivityViewControllerView.swift */,
			);
			path = Data;
			sourceTree = "<group>";
		};
		995761DB259A9FAF00A25B5D /* App */ = {
			isa = PBXGroup;
			children = (
				99121727255DCC2F00F3EA7C /* AttestationCovidApp.swift */,
				9986BEBC2596715000F1F98A /* Utils */,
				9964E8B1255EFD9400082D5D /* Models */,
				9941194725A7D18100498548 /* Data */,
				9912175A255DCDA800F3EA7C /* Views */,
			);
			path = App;
			sourceTree = "<group>";
		};
		9964E8B1255EFD9400082D5D /* Models */ = {
			isa = PBXGroup;
			children = (
				9964E8B2255EFDC000082D5D /* Profil.swift */,
				9986BEC52596730100F1F98A /* ProfilePDF.swift */,
				9986BECA2596738A00F1F98A /* RaisonPDF.swift */,
				9933953325A3D560003E4F52 /* Raison.swift */,
			);
			path = Models;
			sourceTree = "<group>";
		};
		9986BEBC2596715000F1F98A /* Utils */ = {
			isa = PBXGroup;
			children = (
				99C8C59625FD369D00F2FBDA /* Date */,
				99C8C59525FD368100F2FBDA /* QRCode */,
				99C8C59425FD367400F2FBDA /* PDF */,
			);
			path = Utils;
			sourceTree = "<group>";
		};
		99C8C59425FD367400F2FBDA /* PDF */ = {
			isa = PBXGroup;
			children = (
				9986BEBD2596717500F1F98A /* pdfUtils.swift */,
				99B4C6E725A27FA700C6E135 /* PDFImageAnnotationn.swift */,
			);
			path = PDF;
			sourceTree = "<group>";
		};
		99C8C59525FD368100F2FBDA /* QRCode */ = {
			isa = PBXGroup;
			children = (
				99B4C6E225A269C200C6E135 /* qrcodeUtils.swift */,
			);
			path = QRCode;
			sourceTree = "<group>";
		};
		99C8C59625FD369D00F2FBDA /* Date */ = {
			isa = PBXGroup;
			children = (
				99B4C6EC25A2973D00C6E135 /* DateFormatUtils.swift */,
			);
			path = Date;
			sourceTree = "<group>";
		};
		99D704732596C2250004024F /* Ressources */ = {
			isa = PBXGroup;
			children = (
				99D704742596C23B0004024F /* attestation.pdf */,
				9933952E25A3D4FC003E4F52 /* FormData.json */,
			);
			path = Ressources;
			sourceTree = "<group>";
		};
/* End PBXGroup section */

/* Begin PBXNativeTarget section */
		99121723255DCC2F00F3EA7C /* AttestationCovid */ = {
			isa = PBXNativeTarget;
			buildConfigurationList = 9912174E255DCC3300F3EA7C /* Build configuration list for PBXNativeTarget "AttestationCovid" */;
			buildPhases = (
				02018875E5277020FCE9D2F9 /* [CP] Check Pods Manifest.lock */,
				99121720255DCC2F00F3EA7C /* Sources */,
				99121721255DCC2F00F3EA7C /* Frameworks */,
				99121722255DCC2F00F3EA7C /* Resources */,
				E4EC5F0A002CC42913EE7EBC /* [CP] Embed Pods Frameworks */,
				99B4C6D325A242A200C6E135 /* Embed App Extensions */,
			);
			buildRules = (
			);
			dependencies = (
			);
			name = AttestationCovid;
			packageProductDependencies = (
				995761D6259A9EBF00A25B5D /* ComposableArchitecture */,
			);
			productName = AttestationCovid;
			productReference = 99121724255DCC2F00F3EA7C /* AttestationCovid.app */;
			productType = "com.apple.product-type.application";
		};
		99121739255DCC3300F3EA7C /* AttestationCovidTests */ = {
			isa = PBXNativeTarget;
			buildConfigurationList = 99121751255DCC3300F3EA7C /* Build configuration list for PBXNativeTarget "AttestationCovidTests" */;
			buildPhases = (
				BA378EBB422DA00604F8721E /* [CP] Check Pods Manifest.lock */,
				99121736255DCC3300F3EA7C /* Sources */,
				99121737255DCC3300F3EA7C /* Frameworks */,
				99121738255DCC3300F3EA7C /* Resources */,
			);
			buildRules = (
			);
			dependencies = (
				9912173C255DCC3300F3EA7C /* PBXTargetDependency */,
			);
			name = AttestationCovidTests;
			productName = AttestationCovidTests;
			productReference = 9912173A255DCC3300F3EA7C /* AttestationCovidTests.xctest */;
			productType = "com.apple.product-type.bundle.unit-test";
		};
		99121744255DCC3300F3EA7C /* AttestationCovidUITests */ = {
			isa = PBXNativeTarget;
			buildConfigurationList = 99121754255DCC3300F3EA7C /* Build configuration list for PBXNativeTarget "AttestationCovidUITests" */;
			buildPhases = (
				21A5FF073B1C8F0CD9010D8E /* [CP] Check Pods Manifest.lock */,
				99121741255DCC3300F3EA7C /* Sources */,
				99121742255DCC3300F3EA7C /* Frameworks */,
				99121743255DCC3300F3EA7C /* Resources */,
				ECD130FA377FEDDBD785EB51 /* [CP] Embed Pods Frameworks */,
			);
			buildRules = (
			);
			dependencies = (
				99121747255DCC3300F3EA7C /* PBXTargetDependency */,
			);
			name = AttestationCovidUITests;
			productName = AttestationCovidUITests;
			productReference = 99121745255DCC3300F3EA7C /* AttestationCovidUITests.xctest */;
			productType = "com.apple.product-type.bundle.ui-testing";
		};
/* End PBXNativeTarget section */

/* Begin PBXProject section */
		9912171C255DCC2F00F3EA7C /* Project object */ = {
			isa = PBXProject;
			attributes = {
				LastSwiftUpdateCheck = 1220;
				LastUpgradeCheck = 1220;
				TargetAttributes = {
					99121723255DCC2F00F3EA7C = {
						CreatedOnToolsVersion = 12.2;
					};
					99121739255DCC3300F3EA7C = {
						CreatedOnToolsVersion = 12.2;
						TestTargetID = 99121723255DCC2F00F3EA7C;
					};
					99121744255DCC3300F3EA7C = {
						CreatedOnToolsVersion = 12.2;
						TestTargetID = 99121723255DCC2F00F3EA7C;
					};
				};
			};
			buildConfigurationList = 9912171F255DCC2F00F3EA7C /* Build configuration list for PBXProject "AttestationCovid" */;
			compatibilityVersion = "Xcode 9.3";
			developmentRegion = en;
			hasScannedForEncodings = 0;
			knownRegions = (
				en,
				Base,
			);
			mainGroup = 9912171B255DCC2F00F3EA7C;
			packageReferences = (
				995761D5259A9EBF00A25B5D /* XCRemoteSwiftPackageReference "swift-composable-architecture" */,
			);
			productRefGroup = 99121725255DCC2F00F3EA7C /* Products */;
			projectDirPath = "";
			projectRoot = "";
			targets = (
				99121723255DCC2F00F3EA7C /* AttestationCovid */,
				99121739255DCC3300F3EA7C /* AttestationCovidTests */,
				99121744255DCC3300F3EA7C /* AttestationCovidUITests */,
			);
		};
/* End PBXProject section */

/* Begin PBXResourcesBuildPhase section */
		99121722255DCC2F00F3EA7C /* Resources */ = {
			isa = PBXResourcesBuildPhase;
			buildActionMask = 2147483647;
			files = (
				9912172F255DCC3200F3EA7C /* Preview Assets.xcassets in Resources */,
				9918513425A9CF9900BC7FD3 /* app-advancement-profil.png in Resources */,
				9918513625A9CF9900BC7FD3 /* app-advancement-list-profils.png in Resources */,
				9918513525A9CF9900BC7FD3 /* app-advancement-list-certificates.png in Resources */,
				99D704752596C23B0004024F /* attestation.pdf in Resources */,
				9918512125A9CA3700BC7FD3 /* README.md in Resources */,
				9918512D25A9CF9100BC7FD3 /* app-advancement-home.png in Resources */,
				9912172C255DCC3200F3EA7C /* Assets.xcassets in Resources */,
				9933952F25A3D4FC003E4F52 /* FormData.json in Resources */,
				9918512825A9CF0100BC7FD3 /* example.png in Resources */,
			);
			runOnlyForDeploymentPostprocessing = 0;
		};
		99121738255DCC3300F3EA7C /* Resources */ = {
			isa = PBXResourcesBuildPhase;
			buildActionMask = 2147483647;
			files = (
			);
			runOnlyForDeploymentPostprocessing = 0;
		};
		99121743255DCC3300F3EA7C /* Resources */ = {
			isa = PBXResourcesBuildPhase;
			buildActionMask = 2147483647;
			files = (
			);
			runOnlyForDeploymentPostprocessing = 0;
		};
/* End PBXResourcesBuildPhase section */

/* Begin PBXShellScriptBuildPhase section */
		02018875E5277020FCE9D2F9 /* [CP] Check Pods Manifest.lock */ = {
			isa = PBXShellScriptBuildPhase;
			buildActionMask = 2147483647;
			files = (
			);
			inputFileListPaths = (
			);
			inputPaths = (
				"${PODS_PODFILE_DIR_PATH}/Podfile.lock",
				"${PODS_ROOT}/Manifest.lock",
			);
			name = "[CP] Check Pods Manifest.lock";
			outputFileListPaths = (
			);
			outputPaths = (
				"$(DERIVED_FILE_DIR)/Pods-AttestationCovid-checkManifestLockResult.txt",
			);
			runOnlyForDeploymentPostprocessing = 0;
			shellPath = /bin/sh;
			shellScript = "diff \"${PODS_PODFILE_DIR_PATH}/Podfile.lock\" \"${PODS_ROOT}/Manifest.lock\" > /dev/null\nif [ $? != 0 ] ; then\n    # print error to STDERR\n    echo \"error: The sandbox is not in sync with the Podfile.lock. Run 'pod install' or update your CocoaPods installation.\" >&2\n    exit 1\nfi\n# This output is used by Xcode 'outputs' to avoid re-running this script phase.\necho \"SUCCESS\" > \"${SCRIPT_OUTPUT_FILE_0}\"\n";
			showEnvVarsInLog = 0;
		};
		21A5FF073B1C8F0CD9010D8E /* [CP] Check Pods Manifest.lock */ = {
			isa = PBXShellScriptBuildPhase;
			buildActionMask = 2147483647;
			files = (
			);
			inputFileListPaths = (
			);
			inputPaths = (
				"${PODS_PODFILE_DIR_PATH}/Podfile.lock",
				"${PODS_ROOT}/Manifest.lock",
			);
			name = "[CP] Check Pods Manifest.lock";
			outputFileListPaths = (
			);
			outputPaths = (
				"$(DERIVED_FILE_DIR)/Pods-AttestationCovid-AttestationCovidUITests-checkManifestLockResult.txt",
			);
			runOnlyForDeploymentPostprocessing = 0;
			shellPath = /bin/sh;
			shellScript = "diff \"${PODS_PODFILE_DIR_PATH}/Podfile.lock\" \"${PODS_ROOT}/Manifest.lock\" > /dev/null\nif [ $? != 0 ] ; then\n    # print error to STDERR\n    echo \"error: The sandbox is not in sync with the Podfile.lock. Run 'pod install' or update your CocoaPods installation.\" >&2\n    exit 1\nfi\n# This output is used by Xcode 'outputs' to avoid re-running this script phase.\necho \"SUCCESS\" > \"${SCRIPT_OUTPUT_FILE_0}\"\n";
			showEnvVarsInLog = 0;
		};
		BA378EBB422DA00604F8721E /* [CP] Check Pods Manifest.lock */ = {
			isa = PBXShellScriptBuildPhase;
			buildActionMask = 2147483647;
			files = (
			);
			inputFileListPaths = (
			);
			inputPaths = (
				"${PODS_PODFILE_DIR_PATH}/Podfile.lock",
				"${PODS_ROOT}/Manifest.lock",
			);
			name = "[CP] Check Pods Manifest.lock";
			outputFileListPaths = (
			);
			outputPaths = (
				"$(DERIVED_FILE_DIR)/Pods-AttestationCovidTests-checkManifestLockResult.txt",
			);
			runOnlyForDeploymentPostprocessing = 0;
			shellPath = /bin/sh;
			shellScript = "diff \"${PODS_PODFILE_DIR_PATH}/Podfile.lock\" \"${PODS_ROOT}/Manifest.lock\" > /dev/null\nif [ $? != 0 ] ; then\n    # print error to STDERR\n    echo \"error: The sandbox is not in sync with the Podfile.lock. Run 'pod install' or update your CocoaPods installation.\" >&2\n    exit 1\nfi\n# This output is used by Xcode 'outputs' to avoid re-running this script phase.\necho \"SUCCESS\" > \"${SCRIPT_OUTPUT_FILE_0}\"\n";
			showEnvVarsInLog = 0;
		};
		E4EC5F0A002CC42913EE7EBC /* [CP] Embed Pods Frameworks */ = {
			isa = PBXShellScriptBuildPhase;
			buildActionMask = 2147483647;
			files = (
			);
			inputFileListPaths = (
				"${PODS_ROOT}/Target Support Files/Pods-AttestationCovid/Pods-AttestationCovid-frameworks-${CONFIGURATION}-input-files.xcfilelist",
			);
			name = "[CP] Embed Pods Frameworks";
			outputFileListPaths = (
				"${PODS_ROOT}/Target Support Files/Pods-AttestationCovid/Pods-AttestationCovid-frameworks-${CONFIGURATION}-output-files.xcfilelist",
			);
			runOnlyForDeploymentPostprocessing = 0;
			shellPath = /bin/sh;
			shellScript = "\"${PODS_ROOT}/Target Support Files/Pods-AttestationCovid/Pods-AttestationCovid-frameworks.sh\"\n";
			showEnvVarsInLog = 0;
		};
		ECD130FA377FEDDBD785EB51 /* [CP] Embed Pods Frameworks */ = {
			isa = PBXShellScriptBuildPhase;
			buildActionMask = 2147483647;
			files = (
			);
			inputFileListPaths = (
				"${PODS_ROOT}/Target Support Files/Pods-AttestationCovid-AttestationCovidUITests/Pods-AttestationCovid-AttestationCovidUITests-frameworks-${CONFIGURATION}-input-files.xcfilelist",
			);
			name = "[CP] Embed Pods Frameworks";
			outputFileListPaths = (
				"${PODS_ROOT}/Target Support Files/Pods-AttestationCovid-AttestationCovidUITests/Pods-AttestationCovid-AttestationCovidUITests-frameworks-${CONFIGURATION}-output-files.xcfilelist",
			);
			runOnlyForDeploymentPostprocessing = 0;
			shellPath = /bin/sh;
			shellScript = "\"${PODS_ROOT}/Target Support Files/Pods-AttestationCovid-AttestationCovidUITests/Pods-AttestationCovid-AttestationCovidUITests-frameworks.sh\"\n";
			showEnvVarsInLog = 0;
		};
/* End PBXShellScriptBuildPhase section */

/* Begin PBXSourcesBuildPhase section */
		99121720255DCC2F00F3EA7C /* Sources */ = {
			isa = PBXSourcesBuildPhase;
			buildActionMask = 2147483647;
			files = (
				9916A579255F2EB9003FFCD2 /* ChoiceButton.swift in Sources */,
				992F521F25AB906800716AA3 /* UIActivityViewControllerView.swift in Sources */,
				9986BEC62596730100F1F98A /* ProfilePDF.swift in Sources */,
				9916A563255F207B003FFCD2 /* ProfilLocalData.swift in Sources */,
				9916A570255F2E29003FFCD2 /* MovingMotifFormView.swift in Sources */,
				99121734255DCC3200F3EA7C /* AttestationCovid.xcdatamodeld in Sources */,
				9912175C255DCDE700F3EA7C /* ProfilDetailView.swift in Sources */,
				99B4C6E325A269C200C6E135 /* qrcodeUtils.swift in Sources */,
				9916A581255F3982003FFCD2 /* MainView.swift in Sources */,
				9933953425A3D560003E4F52 /* Raison.swift in Sources */,
				9933952A25A3BD8C003E4F52 /* ListPDFView.swift in Sources */,
				9964E8B3255EFDC000082D5D /* Profil.swift in Sources */,
				99B4C6ED25A2973D00C6E135 /* DateFormatUtils.swift in Sources */,
				99432E6925B467DF008B046A /* ChoiceButtonRaison.swift in Sources */,
				99B4C6E825A27FA700C6E135 /* PDFImageAnnotationn.swift in Sources */,
				9986BEBE2596717600F1F98A /* pdfUtils.swift in Sources */,
				9918514325A9D77600BC7FD3 /* FileManagerPDF.swift in Sources */,
				9964E8BB255F000300082D5D /* ListProfilsView.swift in Sources */,
				996327932596AD68003E34D4 /* PdfView.swift in Sources */,
				99432E6E25B46D75008B046A /* ChoiceButtonProfil.swift in Sources */,
				9986BECB2596738A00F1F98A /* RaisonPDF.swift in Sources */,
				99121728255DCC2F00F3EA7C /* AttestationCovidApp.swift in Sources */,
			);
			runOnlyForDeploymentPostprocessing = 0;
		};
		99121736255DCC3300F3EA7C /* Sources */ = {
			isa = PBXSourcesBuildPhase;
			buildActionMask = 2147483647;
			files = (
				9912173F255DCC3300F3EA7C /* AttestationCovidTests.swift in Sources */,
				9918513B25A9D6BC00BC7FD3 /* FileManagerPDFTest.swift in Sources */,
			);
			runOnlyForDeploymentPostprocessing = 0;
		};
		99121741255DCC3300F3EA7C /* Sources */ = {
			isa = PBXSourcesBuildPhase;
			buildActionMask = 2147483647;
			files = (
				9912174A255DCC3300F3EA7C /* AttestationCovidUITests.swift in Sources */,
			);
			runOnlyForDeploymentPostprocessing = 0;
		};
/* End PBXSourcesBuildPhase section */

/* Begin PBXTargetDependency section */
		9912173C255DCC3300F3EA7C /* PBXTargetDependency */ = {
			isa = PBXTargetDependency;
			target = 99121723255DCC2F00F3EA7C /* AttestationCovid */;
			targetProxy = 9912173B255DCC3300F3EA7C /* PBXContainerItemProxy */;
		};
		99121747255DCC3300F3EA7C /* PBXTargetDependency */ = {
			isa = PBXTargetDependency;
			target = 99121723255DCC2F00F3EA7C /* AttestationCovid */;
			targetProxy = 99121746255DCC3300F3EA7C /* PBXContainerItemProxy */;
		};
/* End PBXTargetDependency section */

/* Begin XCBuildConfiguration section */
		9912174C255DCC3300F3EA7C /* Debug */ = {
			isa = XCBuildConfiguration;
			buildSettings = {
				ALWAYS_SEARCH_USER_PATHS = NO;
				CLANG_ANALYZER_NONNULL = YES;
				CLANG_ANALYZER_NUMBER_OBJECT_CONVERSION = YES_AGGRESSIVE;
				CLANG_CXX_LANGUAGE_STANDARD = "gnu++14";
				CLANG_CXX_LIBRARY = "libc++";
				CLANG_ENABLE_MODULES = YES;
				CLANG_ENABLE_OBJC_ARC = YES;
				CLANG_ENABLE_OBJC_WEAK = YES;
				CLANG_WARN_BLOCK_CAPTURE_AUTORELEASING = YES;
				CLANG_WARN_BOOL_CONVERSION = YES;
				CLANG_WARN_COMMA = YES;
				CLANG_WARN_CONSTANT_CONVERSION = YES;
				CLANG_WARN_DEPRECATED_OBJC_IMPLEMENTATIONS = YES;
				CLANG_WARN_DIRECT_OBJC_ISA_USAGE = YES_ERROR;
				CLANG_WARN_DOCUMENTATION_COMMENTS = YES;
				CLANG_WARN_EMPTY_BODY = YES;
				CLANG_WARN_ENUM_CONVERSION = YES;
				CLANG_WARN_INFINITE_RECURSION = YES;
				CLANG_WARN_INT_CONVERSION = YES;
				CLANG_WARN_NON_LITERAL_NULL_CONVERSION = YES;
				CLANG_WARN_OBJC_IMPLICIT_RETAIN_SELF = YES;
				CLANG_WARN_OBJC_LITERAL_CONVERSION = YES;
				CLANG_WARN_OBJC_ROOT_CLASS = YES_ERROR;
				CLANG_WARN_QUOTED_INCLUDE_IN_FRAMEWORK_HEADER = YES;
				CLANG_WARN_RANGE_LOOP_ANALYSIS = YES;
				CLANG_WARN_STRICT_PROTOTYPES = YES;
				CLANG_WARN_SUSPICIOUS_MOVE = YES;
				CLANG_WARN_UNGUARDED_AVAILABILITY = YES_AGGRESSIVE;
				CLANG_WARN_UNREACHABLE_CODE = YES;
				CLANG_WARN__DUPLICATE_METHOD_MATCH = YES;
				COPY_PHASE_STRIP = NO;
				DEBUG_INFORMATION_FORMAT = dwarf;
				ENABLE_STRICT_OBJC_MSGSEND = YES;
				ENABLE_TESTABILITY = YES;
				GCC_C_LANGUAGE_STANDARD = gnu11;
				GCC_DYNAMIC_NO_PIC = NO;
				GCC_NO_COMMON_BLOCKS = YES;
				GCC_OPTIMIZATION_LEVEL = 0;
				GCC_PREPROCESSOR_DEFINITIONS = (
					"DEBUG=1",
					"$(inherited)",
				);
				GCC_WARN_64_TO_32_BIT_CONVERSION = YES;
				GCC_WARN_ABOUT_RETURN_TYPE = YES_ERROR;
				GCC_WARN_UNDECLARED_SELECTOR = YES;
				GCC_WARN_UNINITIALIZED_AUTOS = YES_AGGRESSIVE;
				GCC_WARN_UNUSED_FUNCTION = YES;
				GCC_WARN_UNUSED_VARIABLE = YES;
				IPHONEOS_DEPLOYMENT_TARGET = 14.2;
				MTL_ENABLE_DEBUG_INFO = INCLUDE_SOURCE;
				MTL_FAST_MATH = YES;
				ONLY_ACTIVE_ARCH = YES;
				SDKROOT = iphoneos;
				SWIFT_ACTIVE_COMPILATION_CONDITIONS = DEBUG;
				SWIFT_OPTIMIZATION_LEVEL = "-Onone";
			};
			name = Debug;
		};
		9912174D255DCC3300F3EA7C /* Release */ = {
			isa = XCBuildConfiguration;
			buildSettings = {
				ALWAYS_SEARCH_USER_PATHS = NO;
				CLANG_ANALYZER_NONNULL = YES;
				CLANG_ANALYZER_NUMBER_OBJECT_CONVERSION = YES_AGGRESSIVE;
				CLANG_CXX_LANGUAGE_STANDARD = "gnu++14";
				CLANG_CXX_LIBRARY = "libc++";
				CLANG_ENABLE_MODULES = YES;
				CLANG_ENABLE_OBJC_ARC = YES;
				CLANG_ENABLE_OBJC_WEAK = YES;
				CLANG_WARN_BLOCK_CAPTURE_AUTORELEASING = YES;
				CLANG_WARN_BOOL_CONVERSION = YES;
				CLANG_WARN_COMMA = YES;
				CLANG_WARN_CONSTANT_CONVERSION = YES;
				CLANG_WARN_DEPRECATED_OBJC_IMPLEMENTATIONS = YES;
				CLANG_WARN_DIRECT_OBJC_ISA_USAGE = YES_ERROR;
				CLANG_WARN_DOCUMENTATION_COMMENTS = YES;
				CLANG_WARN_EMPTY_BODY = YES;
				CLANG_WARN_ENUM_CONVERSION = YES;
				CLANG_WARN_INFINITE_RECURSION = YES;
				CLANG_WARN_INT_CONVERSION = YES;
				CLANG_WARN_NON_LITERAL_NULL_CONVERSION = YES;
				CLANG_WARN_OBJC_IMPLICIT_RETAIN_SELF = YES;
				CLANG_WARN_OBJC_LITERAL_CONVERSION = YES;
				CLANG_WARN_OBJC_ROOT_CLASS = YES_ERROR;
				CLANG_WARN_QUOTED_INCLUDE_IN_FRAMEWORK_HEADER = YES;
				CLANG_WARN_RANGE_LOOP_ANALYSIS = YES;
				CLANG_WARN_STRICT_PROTOTYPES = YES;
				CLANG_WARN_SUSPICIOUS_MOVE = YES;
				CLANG_WARN_UNGUARDED_AVAILABILITY = YES_AGGRESSIVE;
				CLANG_WARN_UNREACHABLE_CODE = YES;
				CLANG_WARN__DUPLICATE_METHOD_MATCH = YES;
				COPY_PHASE_STRIP = NO;
				DEBUG_INFORMATION_FORMAT = "dwarf-with-dsym";
				ENABLE_NS_ASSERTIONS = NO;
				ENABLE_STRICT_OBJC_MSGSEND = YES;
				GCC_C_LANGUAGE_STANDARD = gnu11;
				GCC_NO_COMMON_BLOCKS = YES;
				GCC_WARN_64_TO_32_BIT_CONVERSION = YES;
				GCC_WARN_ABOUT_RETURN_TYPE = YES_ERROR;
				GCC_WARN_UNDECLARED_SELECTOR = YES;
				GCC_WARN_UNINITIALIZED_AUTOS = YES_AGGRESSIVE;
				GCC_WARN_UNUSED_FUNCTION = YES;
				GCC_WARN_UNUSED_VARIABLE = YES;
				IPHONEOS_DEPLOYMENT_TARGET = 14.2;
				MTL_ENABLE_DEBUG_INFO = NO;
				MTL_FAST_MATH = YES;
				SDKROOT = iphoneos;
				SWIFT_COMPILATION_MODE = wholemodule;
				SWIFT_OPTIMIZATION_LEVEL = "-O";
				VALIDATE_PRODUCT = YES;
			};
			name = Release;
		};
		9912174F255DCC3300F3EA7C /* Debug */ = {
			isa = XCBuildConfiguration;
			baseConfigurationReference = A699F9C1E884DC2729CC21A5 /* Pods-AttestationCovid.debug.xcconfig */;
			buildSettings = {
				ALWAYS_EMBED_SWIFT_STANDARD_LIBRARIES = YES;
				ASSETCATALOG_COMPILER_APPICON_NAME = AppIcon;
				ASSETCATALOG_COMPILER_GLOBAL_ACCENT_COLOR_NAME = AccentColor;
				CODE_SIGN_ENTITLEMENTS = AttestationCovid/AttestationCovid.entitlements;
				CODE_SIGN_STYLE = Automatic;
				DEVELOPMENT_ASSET_PATHS = "\"AttestationCovid/Preview Content\"";
				DEVELOPMENT_TEAM = PL39FQM22S;
				ENABLE_PREVIEWS = YES;
				INFOPLIST_FILE = AttestationCovid/Info.plist;
				IPHONEOS_DEPLOYMENT_TARGET = 14.0;
				LD_RUNPATH_SEARCH_PATHS = (
					"$(inherited)",
					"@executable_path/Frameworks",
				);
				PRODUCT_BUNDLE_IDENTIFIER = com.smakic.eldin.AttestationCovid;
				PRODUCT_NAME = "$(TARGET_NAME)";
				SWIFT_VERSION = 5.0;
				TARGETED_DEVICE_FAMILY = "1,2";
			};
			name = Debug;
		};
		99121750255DCC3300F3EA7C /* Release */ = {
			isa = XCBuildConfiguration;
			baseConfigurationReference = 6980F75E38C49E124CBEF322 /* Pods-AttestationCovid.release.xcconfig */;
			buildSettings = {
				ALWAYS_EMBED_SWIFT_STANDARD_LIBRARIES = YES;
				ASSETCATALOG_COMPILER_APPICON_NAME = AppIcon;
				ASSETCATALOG_COMPILER_GLOBAL_ACCENT_COLOR_NAME = AccentColor;
				CODE_SIGN_ENTITLEMENTS = AttestationCovid/AttestationCovid.entitlements;
				CODE_SIGN_STYLE = Automatic;
				DEVELOPMENT_ASSET_PATHS = "\"AttestationCovid/Preview Content\"";
				DEVELOPMENT_TEAM = PL39FQM22S;
				ENABLE_PREVIEWS = YES;
				INFOPLIST_FILE = AttestationCovid/Info.plist;
				IPHONEOS_DEPLOYMENT_TARGET = 14.0;
				LD_RUNPATH_SEARCH_PATHS = (
					"$(inherited)",
					"@executable_path/Frameworks",
				);
				PRODUCT_BUNDLE_IDENTIFIER = com.smakic.eldin.AttestationCovid;
				PRODUCT_NAME = "$(TARGET_NAME)";
				SWIFT_VERSION = 5.0;
				TARGETED_DEVICE_FAMILY = "1,2";
			};
			name = Release;
		};
		99121752255DCC3300F3EA7C /* Debug */ = {
			isa = XCBuildConfiguration;
			baseConfigurationReference = B219128D2C1C3D180882633E /* Pods-AttestationCovidTests.debug.xcconfig */;
			buildSettings = {
				ALWAYS_EMBED_SWIFT_STANDARD_LIBRARIES = YES;
				BUNDLE_LOADER = "$(TEST_HOST)";
				CODE_SIGN_STYLE = Automatic;
				DEVELOPMENT_TEAM = PL39FQM22S;
				INFOPLIST_FILE = AttestationCovidTests/Info.plist;
				IPHONEOS_DEPLOYMENT_TARGET = 14.0;
				LD_RUNPATH_SEARCH_PATHS = (
					"$(inherited)",
					"@executable_path/Frameworks",
					"@loader_path/Frameworks",
				);
				PRODUCT_BUNDLE_IDENTIFIER = com.smakic.eldin.AttestationCovidTests;
				PRODUCT_NAME = "$(TARGET_NAME)";
				SWIFT_VERSION = 5.0;
				TARGETED_DEVICE_FAMILY = "1,2";
				TEST_HOST = "$(BUILT_PRODUCTS_DIR)/AttestationCovid.app/AttestationCovid";
			};
			name = Debug;
		};
		99121753255DCC3300F3EA7C /* Release */ = {
			isa = XCBuildConfiguration;
			baseConfigurationReference = B519BE0A2420F0000643EA0E /* Pods-AttestationCovidTests.release.xcconfig */;
			buildSettings = {
				ALWAYS_EMBED_SWIFT_STANDARD_LIBRARIES = YES;
				BUNDLE_LOADER = "$(TEST_HOST)";
				CODE_SIGN_STYLE = Automatic;
				DEVELOPMENT_TEAM = PL39FQM22S;
				INFOPLIST_FILE = AttestationCovidTests/Info.plist;
				IPHONEOS_DEPLOYMENT_TARGET = 14.0;
				LD_RUNPATH_SEARCH_PATHS = (
					"$(inherited)",
					"@executable_path/Frameworks",
					"@loader_path/Frameworks",
				);
				PRODUCT_BUNDLE_IDENTIFIER = com.smakic.eldin.AttestationCovidTests;
				PRODUCT_NAME = "$(TARGET_NAME)";
				SWIFT_VERSION = 5.0;
				TARGETED_DEVICE_FAMILY = "1,2";
				TEST_HOST = "$(BUILT_PRODUCTS_DIR)/AttestationCovid.app/AttestationCovid";
			};
			name = Release;
		};
		99121755255DCC3300F3EA7C /* Debug */ = {
			isa = XCBuildConfiguration;
			baseConfigurationReference = 12A31ECE05C56EE3F5E67BAB /* Pods-AttestationCovid-AttestationCovidUITests.debug.xcconfig */;
			buildSettings = {
				ALWAYS_EMBED_SWIFT_STANDARD_LIBRARIES = YES;
				CODE_SIGN_STYLE = Automatic;
				DEVELOPMENT_TEAM = PL39FQM22S;
				INFOPLIST_FILE = AttestationCovidUITests/Info.plist;
				LD_RUNPATH_SEARCH_PATHS = (
					"$(inherited)",
					"@executable_path/Frameworks",
					"@loader_path/Frameworks",
				);
				PRODUCT_BUNDLE_IDENTIFIER = com.smakic.eldin.AttestationCovidUITests;
				PRODUCT_NAME = "$(TARGET_NAME)";
				SWIFT_VERSION = 5.0;
				TARGETED_DEVICE_FAMILY = "1,2";
				TEST_TARGET_NAME = AttestationCovid;
			};
			name = Debug;
		};
		99121756255DCC3300F3EA7C /* Release */ = {
			isa = XCBuildConfiguration;
			baseConfigurationReference = 67F692A740B66264E18741F1 /* Pods-AttestationCovid-AttestationCovidUITests.release.xcconfig */;
			buildSettings = {
				ALWAYS_EMBED_SWIFT_STANDARD_LIBRARIES = YES;
				CODE_SIGN_STYLE = Automatic;
				DEVELOPMENT_TEAM = PL39FQM22S;
				INFOPLIST_FILE = AttestationCovidUITests/Info.plist;
				LD_RUNPATH_SEARCH_PATHS = (
					"$(inherited)",
					"@executable_path/Frameworks",
					"@loader_path/Frameworks",
				);
				PRODUCT_BUNDLE_IDENTIFIER = com.smakic.eldin.AttestationCovidUITests;
				PRODUCT_NAME = "$(TARGET_NAME)";
				SWIFT_VERSION = 5.0;
				TARGETED_DEVICE_FAMILY = "1,2";
				TEST_TARGET_NAME = AttestationCovid;
			};
			name = Release;
		};
/* End XCBuildConfiguration section */

/* Begin XCConfigurationList section */
		9912171F255DCC2F00F3EA7C /* Build configuration list for PBXProject "AttestationCovid" */ = {
			isa = XCConfigurationList;
			buildConfigurations = (
				9912174C255DCC3300F3EA7C /* Debug */,
				9912174D255DCC3300F3EA7C /* Release */,
			);
			defaultConfigurationIsVisible = 0;
			defaultConfigurationName = Release;
		};
		9912174E255DCC3300F3EA7C /* Build configuration list for PBXNativeTarget "AttestationCovid" */ = {
			isa = XCConfigurationList;
			buildConfigurations = (
				9912174F255DCC3300F3EA7C /* Debug */,
				99121750255DCC3300F3EA7C /* Release */,
			);
			defaultConfigurationIsVisible = 0;
			defaultConfigurationName = Release;
		};
		99121751255DCC3300F3EA7C /* Build configuration list for PBXNativeTarget "AttestationCovidTests" */ = {
			isa = XCConfigurationList;
			buildConfigurations = (
				99121752255DCC3300F3EA7C /* Debug */,
				99121753255DCC3300F3EA7C /* Release */,
			);
			defaultConfigurationIsVisible = 0;
			defaultConfigurationName = Release;
		};
		99121754255DCC3300F3EA7C /* Build configuration list for PBXNativeTarget "AttestationCovidUITests" */ = {
			isa = XCConfigurationList;
			buildConfigurations = (
				99121755255DCC3300F3EA7C /* Debug */,
				99121756255DCC3300F3EA7C /* Release */,
			);
			defaultConfigurationIsVisible = 0;
			defaultConfigurationName = Release;
		};
/* End XCConfigurationList section */

/* Begin XCRemoteSwiftPackageReference section */
		995761D5259A9EBF00A25B5D /* XCRemoteSwiftPackageReference "swift-composable-architecture" */ = {
			isa = XCRemoteSwiftPackageReference;
			repositoryURL = "https://github.com/pointfreeco/swift-composable-architecture";
			requirement = {
				kind = upToNextMajorVersion;
				minimumVersion = 0.9.0;
			};
		};
/* End XCRemoteSwiftPackageReference section */

/* Begin XCSwiftPackageProductDependency section */
		995761D6259A9EBF00A25B5D /* ComposableArchitecture */ = {
			isa = XCSwiftPackageProductDependency;
			package = 995761D5259A9EBF00A25B5D /* XCRemoteSwiftPackageReference "swift-composable-architecture" */;
			productName = ComposableArchitecture;
		};
/* End XCSwiftPackageProductDependency section */

/* Begin XCVersionGroup section */
		99121732255DCC3200F3EA7C /* AttestationCovid.xcdatamodeld */ = {
			isa = XCVersionGroup;
			children = (
				99121733255DCC3200F3EA7C /* AttestationCovid.xcdatamodel */,
			);
			currentVersion = 99121733255DCC3200F3EA7C /* AttestationCovid.xcdatamodel */;
			path = AttestationCovid.xcdatamodeld;
			sourceTree = "<group>";
			versionGroupType = wrapper.xcdatamodel;
		};
/* End XCVersionGroup section */
	};
	rootObject = 9912171C255DCC2F00F3EA7C /* Project object */;
}
